
Microsoft Visual Studio Solution File, Format Version 12.00
# Visual Studio Version 17
VisualStudioVersion = 17.14.36301.6
MinimumVisualStudioVersion = 10.0.40219.1
Project("{FAE04EC0-301F-11D3-BF4B-00C04F79EFBC}") = "UwpDuoDecimal", "UwpDuoDecimal.csproj", "{51878CB5-5ADE-462D-BE90-5725A58864C3}"
EndProject
Project("{FAE04EC0-301F-11D3-BF4B-00C04F79EFBC}") = "UnitTestProject3", "..\UnitTestProject3\UnitTestProject3.csproj", "{07C7919B-E74E-4CF9-9983-95A00F9A998C}"
EndProject
Global
	GlobalSection(SolutionConfigurationPlatforms) = preSolution
		Debug|ARM = Debug|ARM
		Debug|ARM64 = Debug|ARM64
		Debug|x64 = Debug|x64
		Debug|x86 = Debug|x86
		Release|ARM = Release|ARM
		Release|ARM64 = Release|ARM64
		Release|x64 = Release|x64
		Release|x86 = Release|x86
	EndGlobalSection
	GlobalSection(ProjectConfigurationPlatforms) = postSolution
		{51878CB5-5ADE-462D-BE90-5725A58864C3}.Debug|ARM.ActiveCfg = Debug|ARM
		{51878CB5-5ADE-462D-BE90-5725A58864C3}.Debug|ARM.Build.0 = Debug|ARM
		{51878CB5-5ADE-462D-BE90-5725A58864C3}.Debug|ARM.Deploy.0 = Debug|ARM
		{51878CB5-5ADE-462D-BE90-5725A58864C3}.Debug|ARM64.ActiveCfg = Debug|ARM64
		{51878CB5-5ADE-462D-BE90-5725A58864C3}.Debug|ARM64.Build.0 = Debug|ARM64
		{51878CB5-5ADE-462D-BE90-5725A58864C3}.Debug|ARM64.Deploy.0 = Debug|ARM64
		{51878CB5-5ADE-462D-BE90-5725A58864C3}.Debug|x64.ActiveCfg = Debug|x64
		{51878CB5-5ADE-462D-BE90-5725A58864C3}.Debug|x64.Build.0 = Debug|x64
		{51878CB5-5ADE-462D-BE90-5725A58864C3}.Debug|x64.Deploy.0 = Debug|x64
		{51878CB5-5ADE-462D-BE90-5725A58864C3}.Debug|x86.ActiveCfg = Debug|x86
		{51878CB5-5ADE-462D-BE90-5725A58864C3}.Debug|x86.Build.0 = Debug|x86
		{51878CB5-5ADE-462D-BE90-5725A58864C3}.Debug|x86.Deploy.0 = Debug|x86
		{51878CB5-5ADE-462D-BE90-5725A58864C3}.Release|ARM.ActiveCfg = Release|ARM
		{51878CB5-5ADE-462D-BE90-5725A58864C3}.Release|ARM.Build.0 = Release|ARM
		{51878CB5-5ADE-462D-BE90-5725A58864C3}.Release|ARM.Deploy.0 = Release|ARM
		{51878CB5-5ADE-462D-BE90-5725A58864C3}.Release|ARM64.ActiveCfg = Release|ARM64
		{51878CB5-5ADE-462D-BE90-5725A58864C3}.Release|ARM64.Build.0 = Release|ARM64
		{51878CB5-5ADE-462D-BE90-5725A58864C3}.Release|ARM64.Deploy.0 = Release|ARM64
		{51878CB5-5ADE-462D-BE90-5725A58864C3}.Release|x64.ActiveCfg = Release|x64
		{51878CB5-5ADE-462D-BE90-5725A58864C3}.Release|x64.Build.0 = Release|x64
		{51878CB5-5ADE-462D-BE90-5725A58864C3}.Release|x64.Deploy.0 = Release|x64
		{51878CB5-5ADE-462D-BE90-5725A58864C3}.Release|x86.ActiveCfg = Release|x86
		{51878CB5-5ADE-462D-BE90-5725A58864C3}.Release|x86.Build.0 = Release|x86
		{51878CB5-5ADE-462D-BE90-5725A58864C3}.Release|x86.Deploy.0 = Release|x86
		{07C7919B-E74E-4CF9-9983-95A00F9A998C}.Debug|ARM.ActiveCfg = Debug|ARM
		{07C7919B-E74E-4CF9-9983-95A00F9A998C}.Debug|ARM.Build.0 = Debug|ARM
		{07C7919B-E74E-4CF9-9983-95A00F9A998C}.Debug|ARM.Deploy.0 = Debug|ARM
		{07C7919B-E74E-4CF9-9983-95A00F9A998C}.Debug|ARM64.ActiveCfg = Debug|ARM64
		{07C7919B-E74E-4CF9-9983-95A00F9A998C}.Debug|ARM64.Build.0 = Debug|ARM64
		{07C7919B-E74E-4CF9-9983-95A00F9A998C}.Debug|ARM64.Deploy.0 = Debug|ARM64
		{07C7919B-E74E-4CF9-9983-95A00F9A998C}.Debug|x64.ActiveCfg = Debug|x64
		{07C7919B-E74E-4CF9-9983-95A00F9A998C}.Debug|x64.Build.0 = Debug|x64
		{07C7919B-E74E-4CF9-9983-95A00F9A998C}.Debug|x64.Deploy.0 = Debug|x64
		{07C7919B-E74E-4CF9-9983-95A00F9A998C}.Debug|x86.ActiveCfg = Debug|x86
		{07C7919B-E74E-4CF9-9983-95A00F9A998C}.Debug|x86.Build.0 = Debug|x86
		{07C7919B-E74E-4CF9-9983-95A00F9A998C}.Debug|x86.Deploy.0 = Debug|x86
		{07C7919B-E74E-4CF9-9983-95A00F9A998C}.Release|ARM.ActiveCfg = Release|ARM
		{07C7919B-E74E-4CF9-9983-95A00F9A998C}.Release|ARM.Build.0 = Release|ARM
		{07C7919B-E74E-4CF9-9983-95A00F9A998C}.Release|ARM.Deploy.0 = Release|ARM
		{07C7919B-E74E-4CF9-9983-95A00F9A998C}.Release|ARM64.ActiveCfg = Release|ARM64
		{07C7919B-E74E-4CF9-9983-95A00F9A998C}.Release|ARM64.Build.0 = Release|ARM64
		{07C7919B-E74E-4CF9-9983-95A00F9A998C}.Release|ARM64.Deploy.0 = Release|ARM64
		{07C7919B-E74E-4CF9-9983-95A00F9A998C}.Release|x64.ActiveCfg = Release|x64
		{07C7919B-E74E-4CF9-9983-95A00F9A998C}.Release|x64.Build.0 = Release|x64
		{07C7919B-E74E-4CF9-9983-95A00F9A998C}.Release|x64.Deploy.0 = Release|x64
		{07C7919B-E74E-4CF9-9983-95A00F9A998C}.Release|x86.ActiveCfg = Release|x86
		{07C7919B-E74E-4CF9-9983-95A00F9A998C}.Release|x86.Build.0 = Release|x86
		{07C7919B-E74E-4CF9-9983-95A00F9A998C}.Release|x86.Deploy.0 = Release|x86
	EndGlobalSection
	GlobalSection(SolutionProperties) = preSolution
		HideSolutionNode = FALSE
	EndGlobalSection
	GlobalSection(ExtensibilityGlobals) = postSolution
		SolutionGuid = {7A9153BF-F4C4-47E2-82E2-A83C9CED8A25}
	EndGlobalSection
EndGlobal
